# This file is automatically @generated by Poetry and should not be changed by hand.

[[package]]
name = "polars"
version = "0.15.16"
description = "Blazingly fast DataFrame library"
category = "main"
optional = false
python-versions = ">=3.7"
files = [
    {file = "polars-0.15.16-cp37-abi3-macosx_10_7_x86_64.whl", hash = "sha256:833524a5ec8da84aad2828a23a23441bcb73ac280f883129ec075c05d1d1d13e"},
    {file = "polars-0.15.16-cp37-abi3-macosx_11_0_arm64.whl", hash = "sha256:80238aae55b502b673e0e0c9bf0652697221b5af63ab34beb03ba626d55bc3e5"},
    {file = "polars-0.15.16-cp37-abi3-manylinux_2_17_aarch64.manylinux2014_aarch64.whl", hash = "sha256:7dbacba17140a73a6c22908654987178930e329f2ac5faebfd42fff820adfd49"},
    {file = "polars-0.15.16-cp37-abi3-manylinux_2_17_x86_64.manylinux2014_x86_64.whl", hash = "sha256:564ac6c116df24b3d71baccf8756c2ca60406327b0dd6153de4067507a0fc6fb"},
    {file = "polars-0.15.16-cp37-abi3-win_amd64.whl", hash = "sha256:558d3d51dbdf4e0eaed6acc8b51a8ebf99a54ce8f7db3526de8e98adcb6f8f8f"},
    {file = "polars-0.15.16.tar.gz", hash = "sha256:41457f817cd80a3326bb77dc0636cb019d41bba3f27aa60a1d15ef5855ac2016"},
]

[package.extras]
all = ["polars[connectorx,deltalake,fsspec,matplotlib,numpy,pandas,pyarrow,timezone,xlsx2csv]"]
connectorx = ["connectorx"]
deltalake = ["deltalake"]
fsspec = ["fsspec"]
matplotlib = ["matplotlib"]
numpy = ["numpy (>=1.16.0)"]
pandas = ["pandas", "pyarrow (>=4.0.0)"]
pyarrow = ["pyarrow (>=4.0.0)"]
timezone = ["backports.zoneinfo", "tzdata"]
xlsx2csv = ["xlsx2csv (>=0.8.0)"]

[metadata]
lock-version = "2.0"
python-versions = "^3.11"
content-hash = "cb01e8d7e24e829aacb18b3fd01b041d1d8e2851e87f554125debf396ca33e31"
